// !$*UTF8*$!
{
	archiveVersion = 1;
	classes = {
	};
	objectVersion = 46;
	objects = {

/* Begin PBXBuildFile section */
		320F8FB517F51E8400EDF6FE /* blue_back.png in Resources */ = {isa = PBXBuildFile; fileRef = 320F8FB317F51E8400EDF6FE /* blue_back.png */; };
		320F8FB617F51E8400EDF6FE /* red_back.png in Resources */ = {isa = PBXBuildFile; fileRef = 320F8FB417F51E8400EDF6FE /* red_back.png */; };
		320F8FBE17F52E9D00EDF6FE /* card_face.png in Resources */ = {isa = PBXBuildFile; fileRef = 320F8FBD17F52E9D00EDF6FE /* card_face.png */; };
		32A5CFF91811069500F7FD78 /* 10C in Resources */ = {isa = PBXBuildFile; fileRef = 32A5CFB81811069500F7FD78 /* 10C */; };
		32A5CFFA1811069500F7FD78 /* 10D in Resources */ = {isa = PBXBuildFile; fileRef = 32A5CFB91811069500F7FD78 /* 10D */; };
		32A5CFFB1811069500F7FD78 /* 10H in Resources */ = {isa = PBXBuildFile; fileRef = 32A5CFBA1811069500F7FD78 /* 10H */; };
		32A5CFFC1811069500F7FD78 /* 10S in Resources */ = {isa = PBXBuildFile; fileRef = 32A5CFBB1811069500F7FD78 /* 10S */; };
		32A5CFFD1811069500F7FD78 /* 2C in Resources */ = {isa = PBXBuildFile; fileRef = 32A5CFBC1811069500F7FD78 /* 2C */; };
		32A5CFFE1811069500F7FD78 /* 2D in Resources */ = {isa = PBXBuildFile; fileRef = 32A5CFBD1811069500F7FD78 /* 2D */; };
		32A5CFFF1811069500F7FD78 /* 2H in Resources */ = {isa = PBXBuildFile; fileRef = 32A5CFBE1811069500F7FD78 /* 2H */; };
		32A5D0001811069500F7FD78 /* 2S in Resources */ = {isa = PBXBuildFile; fileRef = 32A5CFBF1811069500F7FD78 /* 2S */; };
		32A5D0011811069500F7FD78 /* 3C in Resources */ = {isa = PBXBuildFile; fileRef = 32A5CFC01811069500F7FD78 /* 3C */; };
		32A5D0021811069500F7FD78 /* 3D in Resources */ = {isa = PBXBuildFile; fileRef = 32A5CFC11811069500F7FD78 /* 3D */; };
		32A5D0031811069500F7FD78 /* 3H in Resources */ = {isa = PBXBuildFile; fileRef = 32A5CFC21811069500F7FD78 /* 3H */; };
		32A5D0041811069500F7FD78 /* 3S in Resources */ = {isa = PBXBuildFile; fileRef = 32A5CFC31811069500F7FD78 /* 3S */; };
		32A5D0051811069500F7FD78 /* 4C in Resources */ = {isa = PBXBuildFile; fileRef = 32A5CFC41811069500F7FD78 /* 4C */; };
		32A5D0061811069500F7FD78 /* 4D in Resources */ = {isa = PBXBuildFile; fileRef = 32A5CFC51811069500F7FD78 /* 4D */; };
		32A5D0071811069500F7FD78 /* 4H in Resources */ = {isa = PBXBuildFile; fileRef = 32A5CFC61811069500F7FD78 /* 4H */; };
		32A5D0081811069500F7FD78 /* 4S in Resources */ = {isa = PBXBuildFile; fileRef = 32A5CFC71811069500F7FD78 /* 4S */; };
		32A5D0091811069500F7FD78 /* 5C in Resources */ = {isa = PBXBuildFile; fileRef = 32A5CFC81811069500F7FD78 /* 5C */; };
		32A5D00A1811069500F7FD78 /* 5D in Resources */ = {isa = PBXBuildFile; fileRef = 32A5CFC91811069500F7FD78 /* 5D */; };
		32A5D00B1811069500F7FD78 /* 5H in Resources */ = {isa = PBXBuildFile; fileRef = 32A5CFCA1811069500F7FD78 /* 5H */; };
		32A5D00C1811069500F7FD78 /* 5S in Resources */ = {isa = PBXBuildFile; fileRef = 32A5CFCB1811069500F7FD78 /* 5S */; };
		32A5D00D1811069500F7FD78 /* 6C in Resources */ = {isa = PBXBuildFile; fileRef = 32A5CFCC1811069500F7FD78 /* 6C */; };
		32A5D00E1811069500F7FD78 /* 6D in Resources */ = {isa = PBXBuildFile; fileRef = 32A5CFCD1811069500F7FD78 /* 6D */; };
		32A5D00F1811069500F7FD78 /* 6H in Resources */ = {isa = PBXBuildFile; fileRef = 32A5CFCE1811069500F7FD78 /* 6H */; };
		32A5D0101811069500F7FD78 /* 6S in Resources */ = {isa = PBXBuildFile; fileRef = 32A5CFCF1811069500F7FD78 /* 6S */; };
		32A5D0111811069500F7FD78 /* 7C in Resources */ = {isa = PBXBuildFile; fileRef = 32A5CFD01811069500F7FD78 /* 7C */; };
		32A5D0121811069500F7FD78 /* 7D in Resources */ = {isa = PBXBuildFile; fileRef = 32A5CFD11811069500F7FD78 /* 7D */; };
		32A5D0131811069500F7FD78 /* 7H in Resources */ = {isa = PBXBuildFile; fileRef = 32A5CFD21811069500F7FD78 /* 7H */; };
		32A5D0141811069500F7FD78 /* 7S in Resources */ = {isa = PBXBuildFile; fileRef = 32A5CFD31811069500F7FD78 /* 7S */; };
		32A5D0151811069500F7FD78 /* 8C in Resources */ = {isa = PBXBuildFile; fileRef = 32A5CFD41811069500F7FD78 /* 8C */; };
		32A5D0161811069500F7FD78 /* 8D in Resources */ = {isa = PBXBuildFile; fileRef = 32A5CFD51811069500F7FD78 /* 8D */; };
		32A5D0171811069500F7FD78 /* 8H in Resources */ = {isa = PBXBuildFile; fileRef = 32A5CFD61811069500F7FD78 /* 8H */; };
		32A5D0181811069500F7FD78 /* 8S in Resources */ = {isa = PBXBuildFile; fileRef = 32A5CFD71811069500F7FD78 /* 8S */; };
		32A5D0191811069500F7FD78 /* 9C in Resources */ = {isa = PBXBuildFile; fileRef = 32A5CFD81811069500F7FD78 /* 9C */; };
		32A5D01A1811069500F7FD78 /* 9D in Resources */ = {isa = PBXBuildFile; fileRef = 32A5CFD91811069500F7FD78 /* 9D */; };
		32A5D01B1811069500F7FD78 /* 9H in Resources */ = {isa = PBXBuildFile; fileRef = 32A5CFDA1811069500F7FD78 /* 9H */; };
		32A5D01C1811069500F7FD78 /* 9S in Resources */ = {isa = PBXBuildFile; fileRef = 32A5CFDB1811069500F7FD78 /* 9S */; };
		32A5D01D1811069500F7FD78 /* _about in Resources */ = {isa = PBXBuildFile; fileRef = 32A5CFDC1811069500F7FD78 /* _about */; };
		32A5D01E1811069500F7FD78 /* _about2 in Resources */ = {isa = PBXBuildFile; fileRef = 32A5CFDD1811069500F7FD78 /* _about2 */; };
		32A5D01F1811069500F7FD78 /* _cardback in Resources */ = {isa = PBXBuildFile; fileRef = 32A5CFDE1811069500F7FD78 /* _cardback */; };
		32A5D0201811069500F7FD78 /* _cardback2 in Resources */ = {isa = PBXBuildFile; fileRef = 32A5CFDF1811069500F7FD78 /* _cardback2 */; };
		32A5D0211811069500F7FD78 /* _Corners in Resources */ = {isa = PBXBuildFile; fileRef = 32A5CFE01811069500F7FD78 /* _Corners */; };
		32A5D0221811069500F7FD78 /* _joker in Resources */ = {isa = PBXBuildFile; fileRef = 32A5CFE11811069500F7FD78 /* _joker */; };
		32A5D0231811069500F7FD78 /* _joker2 in Resources */ = {isa = PBXBuildFile; fileRef = 32A5CFE21811069500F7FD78 /* _joker2 */; };
		32A5D0241811069500F7FD78 /* _Numbers in Resources */ = {isa = PBXBuildFile; fileRef = 32A5CFE31811069500F7FD78 /* _Numbers */; };
		32A5D0251811069500F7FD78 /* _Size in Resources */ = {isa = PBXBuildFile; fileRef = 32A5CFE41811069500F7FD78 /* _Size */; };
		32A5D0261811069500F7FD78 /* _Suits in Resources */ = {isa = PBXBuildFile; fileRef = 32A5CFE51811069500F7FD78 /* _Suits */; };
		32A5D0271811069500F7FD78 /* AC in Resources */ = {isa = PBXBuildFile; fileRef = 32A5CFE61811069500F7FD78 /* AC */; };
		32A5D0281811069500F7FD78 /* AD in Resources */ = {isa = PBXBuildFile; fileRef = 32A5CFE71811069500F7FD78 /* AD */; };
		32A5D0291811069500F7FD78 /* AH in Resources */ = {isa = PBXBuildFile; fileRef = 32A5CFE81811069500F7FD78 /* AH */; };
		32A5D02A1811069500F7FD78 /* AS in Resources */ = {isa = PBXBuildFile; fileRef = 32A5CFE91811069500F7FD78 /* AS */; };
		32A5D02B1811069500F7FD78 /* JC in Resources */ = {isa = PBXBuildFile; fileRef = 32A5CFEA1811069500F7FD78 /* JC */; };
		32A5D02C1811069500F7FD78 /* JD in Resources */ = {isa = PBXBuildFile; fileRef = 32A5CFEB1811069500F7FD78 /* JD */; };
		32A5D02D1811069500F7FD78 /* JH in Resources */ = {isa = PBXBuildFile; fileRef = 32A5CFEC1811069500F7FD78 /* JH */; };
		32A5D02E1811069500F7FD78 /* JS in Resources */ = {isa = PBXBuildFile; fileRef = 32A5CFED1811069500F7FD78 /* JS */; };
		32A5D02F1811069500F7FD78 /* KC in Resources */ = {isa = PBXBuildFile; fileRef = 32A5CFEE1811069500F7FD78 /* KC */; };
		32A5D0301811069500F7FD78 /* KD in Resources */ = {isa = PBXBuildFile; fileRef = 32A5CFEF1811069500F7FD78 /* KD */; };
		32A5D0311811069500F7FD78 /* KH in Resources */ = {isa = PBXBuildFile; fileRef = 32A5CFF01811069500F7FD78 /* KH */; };
		32A5D0321811069500F7FD78 /* KS in Resources */ = {isa = PBXBuildFile; fileRef = 32A5CFF11811069500F7FD78 /* KS */; };
		32A5D0331811069500F7FD78 /* QC in Resources */ = {isa = PBXBuildFile; fileRef = 32A5CFF21811069500F7FD78 /* QC */; };
		32A5D0341811069500F7FD78 /* QD in Resources */ = {isa = PBXBuildFile; fileRef = 32A5CFF31811069500F7FD78 /* QD */; };
		32A5D0351811069500F7FD78 /* QH in Resources */ = {isa = PBXBuildFile; fileRef = 32A5CFF41811069500F7FD78 /* QH */; };
		32A5D0361811069500F7FD78 /* QS in Resources */ = {isa = PBXBuildFile; fileRef = 32A5CFF51811069500F7FD78 /* QS */; };
		32A5D0371811069500F7FD78 /* PlayingCardView.m in Sources */ = {isa = PBXBuildFile; fileRef = 32A5CFF81811069500F7FD78 /* PlayingCardView.m */; };
		32A5D03A1811071E00F7FD78 /* PlayingCardCollectionViewCell.m in Sources */ = {isa = PBXBuildFile; fileRef = 32A5D0391811071E00F7FD78 /* PlayingCardCollectionViewCell.m */; };
		32A5D03D18110AB900F7FD78 /* PlayingCardGameViewController.m in Sources */ = {isa = PBXBuildFile; fileRef = 32A5D03C18110AB900F7FD78 /* PlayingCardGameViewController.m */; };
		32A5D05F1814E01300F7FD78 /* Images.xcassets in Resources */ = {isa = PBXBuildFile; fileRef = 32A5D05E1814E01300F7FD78 /* Images.xcassets */; };
		32A5D0631814E35B00F7FD78 /* Icon-Small@2x.png in Resources */ = {isa = PBXBuildFile; fileRef = 32A5D0601814E35B00F7FD78 /* Icon-Small@2x.png */; };
		32A5D0641814E35B00F7FD78 /* Icon.png in Resources */ = {isa = PBXBuildFile; fileRef = 32A5D0611814E35B00F7FD78 /* Icon.png */; };
		32A5D0651814E35B00F7FD78 /* Icon@2x.png in Resources */ = {isa = PBXBuildFile; fileRef = 32A5D0621814E35B00F7FD78 /* Icon@2x.png */; };
		32BA7ACC17EA813A0024AD79 /* Card.m in Sources */ = {isa = PBXBuildFile; fileRef = 32BA7ACB17EA813A0024AD79 /* Card.m */; };
		32BA7B0217EADC8E0024AD79 /* SenTestingKit.framework in Frameworks */ = {isa = PBXBuildFile; fileRef = 32BA7AD317EACAAD0024AD79 /* SenTestingKit.framework */; };
		32BA7B0317EADC8E0024AD79 /* UIKit.framework in Frameworks */ = {isa = PBXBuildFile; fileRef = 32FD66FF17E9931900279841 /* UIKit.framework */; };
		32BA7B0417EADC8E0024AD79 /* Foundation.framework in Frameworks */ = {isa = PBXBuildFile; fileRef = 32FD670117E9931900279841 /* Foundation.framework */; };
		32BA7B0A17EADC8E0024AD79 /* InfoPlist.strings in Resources */ = {isa = PBXBuildFile; fileRef = 32BA7B0817EADC8E0024AD79 /* InfoPlist.strings */; };
		32BA7B0D17EADC8E0024AD79 /* MatchismoTests.m in Sources */ = {isa = PBXBuildFile; fileRef = 32BA7B0C17EADC8E0024AD79 /* MatchismoTests.m */; };
		32BC476617FC14FF00C89893 /* GameResultViewController.m in Sources */ = {isa = PBXBuildFile; fileRef = 32BC476517FC14FF00C89893 /* GameResultViewController.m */; };
		32BC476917FC192700C89893 /* GameResult.m in Sources */ = {isa = PBXBuildFile; fileRef = 32BC476817FC192700C89893 /* GameResult.m */; };
		32CBBB8817EC03790057DB74 /* CardMatchingGame.m in Sources */ = {isa = PBXBuildFile; fileRef = 32CBBB8717EC03790057DB74 /* CardMatchingGame.m */; };
		32FD670017E9931900279841 /* UIKit.framework in Frameworks */ = {isa = PBXBuildFile; fileRef = 32FD66FF17E9931900279841 /* UIKit.framework */; };
		32FD670217E9931900279841 /* Foundation.framework in Frameworks */ = {isa = PBXBuildFile; fileRef = 32FD670117E9931900279841 /* Foundation.framework */; };
		32FD670417E9931900279841 /* CoreGraphics.framework in Frameworks */ = {isa = PBXBuildFile; fileRef = 32FD670317E9931900279841 /* CoreGraphics.framework */; };
		32FD670A17E9931900279841 /* InfoPlist.strings in Resources */ = {isa = PBXBuildFile; fileRef = 32FD670817E9931900279841 /* InfoPlist.strings */; };
		32FD670C17E9931900279841 /* main.m in Sources */ = {isa = PBXBuildFile; fileRef = 32FD670B17E9931900279841 /* main.m */; };
		32FD671017E9931900279841 /* CardGamesAppDelegate.m in Sources */ = {isa = PBXBuildFile; fileRef = 32FD670F17E9931900279841 /* CardGamesAppDelegate.m */; };
		32FD671217E9931900279841 /* Default.png in Resources */ = {isa = PBXBuildFile; fileRef = 32FD671117E9931900279841 /* Default.png */; };
		32FD671417E9931900279841 /* Default@2x.png in Resources */ = {isa = PBXBuildFile; fileRef = 32FD671317E9931900279841 /* Default@2x.png */; };
		32FD671617E9931900279841 /* Default-568h@2x.png in Resources */ = {isa = PBXBuildFile; fileRef = 32FD671517E9931900279841 /* Default-568h@2x.png */; };
		32FD671917E9931900279841 /* MainStoryboard.storyboard in Resources */ = {isa = PBXBuildFile; fileRef = 32FD671717E9931900279841 /* MainStoryboard.storyboard */; };
		32FD671C17E9931900279841 /* CardGamesViewController.m in Sources */ = {isa = PBXBuildFile; fileRef = 32FD671B17E9931900279841 /* CardGamesViewController.m */; };
		32FD672817EA72F400279841 /* Deck.m in Sources */ = {isa = PBXBuildFile; fileRef = 32FD672717EA72F400279841 /* Deck.m */; };
		32FD672B17EA733100279841 /* PlayingCard.m in Sources */ = {isa = PBXBuildFile; fileRef = 32FD672A17EA733100279841 /* PlayingCard.m */; };
		32FD672E17EA734C00279841 /* PlayingCardDeck.m in Sources */ = {isa = PBXBuildFile; fileRef = 32FD672D17EA734C00279841 /* PlayingCardDeck.m */; };
		5BDD64211A2F26A3009ED7B0 /* dollarIcon.png in Resources */ = {isa = PBXBuildFile; fileRef = 5BDD641F1A2F26A3009ED7B0 /* dollarIcon.png */; };
		5BDD64221A2F26A3009ED7B0 /* dollarIcon@2x.png in Resources */ = {isa = PBXBuildFile; fileRef = 5BDD64201A2F26A3009ED7B0 /* dollarIcon@2x.png */; };
		5BDD64251A2F26AD009ED7B0 /* gameIcon.png in Resources */ = {isa = PBXBuildFile; fileRef = 5BDD64231A2F26AD009ED7B0 /* gameIcon.png */; };
		5BDD64261A2F26AD009ED7B0 /* gameIcon@2x.png in Resources */ = {isa = PBXBuildFile; fileRef = 5BDD64241A2F26AD009ED7B0 /* gameIcon@2x.png */; };
/* End PBXBuildFile section */

/* Begin PBXContainerItemProxy section */
		32CBBB8417EBE6FA0057DB74 /* PBXContainerItemProxy */ = {
			isa = PBXContainerItemProxy;
			containerPortal = 32FD66F417E9931900279841 /* Project object */;
			proxyType = 1;
			remoteGlobalIDString = 32FD66FB17E9931900279841;
			remoteInfo = Matchismo;
		};
/* End PBXContainerItemProxy section */

/* Begin PBXFileReference section */
		320F8FB317F51E8400EDF6FE /* blue_back.png */ = {isa = PBXFileReference; lastKnownFileType = image.png; name = blue_back.png; path = images/blue_back.png; sourceTree = "<group>"; };
		320F8FB417F51E8400EDF6FE /* red_back.png */ = {isa = PBXFileReference; lastKnownFileType = image.png; name = red_back.png; path = images/red_back.png; sourceTree = "<group>"; };
		320F8FBD17F52E9D00EDF6FE /* card_face.png */ = {isa = PBXFileReference; lastKnownFileType = image.png; name = card_face.png; path = images/card_face.png; sourceTree = "<group>"; };
		32A5CFB81811069500F7FD78 /* 10C */ = {isa = PBXFileReference; lastKnownFileType = file; path = 10C; sourceTree = "<group>"; };
		32A5CFB91811069500F7FD78 /* 10D */ = {isa = PBXFileReference; lastKnownFileType = file; path = 10D; sourceTree = "<group>"; };
		32A5CFBA1811069500F7FD78 /* 10H */ = {isa = PBXFileReference; lastKnownFileType = file; path = 10H; sourceTree = "<group>"; };
		32A5CFBB1811069500F7FD78 /* 10S */ = {isa = PBXFileReference; lastKnownFileType = file; path = 10S; sourceTree = "<group>"; };
		32A5CFBC1811069500F7FD78 /* 2C */ = {isa = PBXFileReference; lastKnownFileType = file; path = 2C; sourceTree = "<group>"; };
		32A5CFBD1811069500F7FD78 /* 2D */ = {isa = PBXFileReference; lastKnownFileType = file; path = 2D; sourceTree = "<group>"; };
		32A5CFBE1811069500F7FD78 /* 2H */ = {isa = PBXFileReference; lastKnownFileType = file; path = 2H; sourceTree = "<group>"; };
		32A5CFBF1811069500F7FD78 /* 2S */ = {isa = PBXFileReference; lastKnownFileType = file; path = 2S; sourceTree = "<group>"; };
		32A5CFC01811069500F7FD78 /* 3C */ = {isa = PBXFileReference; lastKnownFileType = file; path = 3C; sourceTree = "<group>"; };
		32A5CFC11811069500F7FD78 /* 3D */ = {isa = PBXFileReference; lastKnownFileType = file; path = 3D; sourceTree = "<group>"; };
		32A5CFC21811069500F7FD78 /* 3H */ = {isa = PBXFileReference; lastKnownFileType = file; path = 3H; sourceTree = "<group>"; };
		32A5CFC31811069500F7FD78 /* 3S */ = {isa = PBXFileReference; lastKnownFileType = file; path = 3S; sourceTree = "<group>"; };
		32A5CFC41811069500F7FD78 /* 4C */ = {isa = PBXFileReference; lastKnownFileType = file; path = 4C; sourceTree = "<group>"; };
		32A5CFC51811069500F7FD78 /* 4D */ = {isa = PBXFileReference; lastKnownFileType = file; path = 4D; sourceTree = "<group>"; };
		32A5CFC61811069500F7FD78 /* 4H */ = {isa = PBXFileReference; lastKnownFileType = file; path = 4H; sourceTree = "<group>"; };
		32A5CFC71811069500F7FD78 /* 4S */ = {isa = PBXFileReference; lastKnownFileType = file; path = 4S; sourceTree = "<group>"; };
		32A5CFC81811069500F7FD78 /* 5C */ = {isa = PBXFileReference; lastKnownFileType = file; path = 5C; sourceTree = "<group>"; };
		32A5CFC91811069500F7FD78 /* 5D */ = {isa = PBXFileReference; lastKnownFileType = file; path = 5D; sourceTree = "<group>"; };
		32A5CFCA1811069500F7FD78 /* 5H */ = {isa = PBXFileReference; lastKnownFileType = file; path = 5H; sourceTree = "<group>"; };
		32A5CFCB1811069500F7FD78 /* 5S */ = {isa = PBXFileReference; lastKnownFileType = file; path = 5S; sourceTree = "<group>"; };
		32A5CFCC1811069500F7FD78 /* 6C */ = {isa = PBXFileReference; lastKnownFileType = file; path = 6C; sourceTree = "<group>"; };
		32A5CFCD1811069500F7FD78 /* 6D */ = {isa = PBXFileReference; lastKnownFileType = file; path = 6D; sourceTree = "<group>"; };
		32A5CFCE1811069500F7FD78 /* 6H */ = {isa = PBXFileReference; lastKnownFileType = file; path = 6H; sourceTree = "<group>"; };
		32A5CFCF1811069500F7FD78 /* 6S */ = {isa = PBXFileReference; lastKnownFileType = file; path = 6S; sourceTree = "<group>"; };
		32A5CFD01811069500F7FD78 /* 7C */ = {isa = PBXFileReference; lastKnownFileType = file; path = 7C; sourceTree = "<group>"; };
		32A5CFD11811069500F7FD78 /* 7D */ = {isa = PBXFileReference; lastKnownFileType = file; path = 7D; sourceTree = "<group>"; };
		32A5CFD21811069500F7FD78 /* 7H */ = {isa = PBXFileReference; lastKnownFileType = file; path = 7H; sourceTree = "<group>"; };
		32A5CFD31811069500F7FD78 /* 7S */ = {isa = PBXFileReference; lastKnownFileType = file; path = 7S; sourceTree = "<group>"; };
		32A5CFD41811069500F7FD78 /* 8C */ = {isa = PBXFileReference; lastKnownFileType = file; path = 8C; sourceTree = "<group>"; };
		32A5CFD51811069500F7FD78 /* 8D */ = {isa = PBXFileReference; lastKnownFileType = file; path = 8D; sourceTree = "<group>"; };
		32A5CFD61811069500F7FD78 /* 8H */ = {isa = PBXFileReference; lastKnownFileType = file; path = 8H; sourceTree = "<group>"; };
		32A5CFD71811069500F7FD78 /* 8S */ = {isa = PBXFileReference; lastKnownFileType = file; path = 8S; sourceTree = "<group>"; };
		32A5CFD81811069500F7FD78 /* 9C */ = {isa = PBXFileReference; lastKnownFileType = file; path = 9C; sourceTree = "<group>"; };
		32A5CFD91811069500F7FD78 /* 9D */ = {isa = PBXFileReference; lastKnownFileType = file; path = 9D; sourceTree = "<group>"; };
		32A5CFDA1811069500F7FD78 /* 9H */ = {isa = PBXFileReference; lastKnownFileType = file; path = 9H; sourceTree = "<group>"; };
		32A5CFDB1811069500F7FD78 /* 9S */ = {isa = PBXFileReference; lastKnownFileType = file; path = 9S; sourceTree = "<group>"; };
		32A5CFDC1811069500F7FD78 /* _about */ = {isa = PBXFileReference; lastKnownFileType = file; path = _about; sourceTree = "<group>"; };
		32A5CFDD1811069500F7FD78 /* _about2 */ = {isa = PBXFileReference; lastKnownFileType = file; path = _about2; sourceTree = "<group>"; };
		32A5CFDE1811069500F7FD78 /* _cardback */ = {isa = PBXFileReference; lastKnownFileType = file; path = _cardback; sourceTree = "<group>"; };
		32A5CFDF1811069500F7FD78 /* _cardback2 */ = {isa = PBXFileReference; lastKnownFileType = file; path = _cardback2; sourceTree = "<group>"; };
		32A5CFE01811069500F7FD78 /* _Corners */ = {isa = PBXFileReference; fileEncoding = 4; lastKnownFileType = text; path = _Corners; sourceTree = "<group>"; };
		32A5CFE11811069500F7FD78 /* _joker */ = {isa = PBXFileReference; lastKnownFileType = file; path = _joker; sourceTree = "<group>"; };
		32A5CFE21811069500F7FD78 /* _joker2 */ = {isa = PBXFileReference; lastKnownFileType = file; path = _joker2; sourceTree = "<group>"; };
		32A5CFE31811069500F7FD78 /* _Numbers */ = {isa = PBXFileReference; fileEncoding = 4; lastKnownFileType = text; path = _Numbers; sourceTree = "<group>"; };
		32A5CFE41811069500F7FD78 /* _Size */ = {isa = PBXFileReference; fileEncoding = 4; lastKnownFileType = text; path = _Size; sourceTree = "<group>"; };
		32A5CFE51811069500F7FD78 /* _Suits */ = {isa = PBXFileReference; fileEncoding = 4; lastKnownFileType = text; path = _Suits; sourceTree = "<group>"; };
		32A5CFE61811069500F7FD78 /* AC */ = {isa = PBXFileReference; lastKnownFileType = file; path = AC; sourceTree = "<group>"; };
		32A5CFE71811069500F7FD78 /* AD */ = {isa = PBXFileReference; lastKnownFileType = file; path = AD; sourceTree = "<group>"; };
		32A5CFE81811069500F7FD78 /* AH */ = {isa = PBXFileReference; lastKnownFileType = file; path = AH; sourceTree = "<group>"; };
		32A5CFE91811069500F7FD78 /* AS */ = {isa = PBXFileReference; lastKnownFileType = file; path = AS; sourceTree = "<group>"; };
		32A5CFEA1811069500F7FD78 /* JC */ = {isa = PBXFileReference; lastKnownFileType = file; path = JC; sourceTree = "<group>"; };
		32A5CFEB1811069500F7FD78 /* JD */ = {isa = PBXFileReference; lastKnownFileType = file; path = JD; sourceTree = "<group>"; };
		32A5CFEC1811069500F7FD78 /* JH */ = {isa = PBXFileReference; lastKnownFileType = file; path = JH; sourceTree = "<group>"; };
		32A5CFED1811069500F7FD78 /* JS */ = {isa = PBXFileReference; lastKnownFileType = file; path = JS; sourceTree = "<group>"; };
		32A5CFEE1811069500F7FD78 /* KC */ = {isa = PBXFileReference; lastKnownFileType = file; path = KC; sourceTree = "<group>"; };
		32A5CFEF1811069500F7FD78 /* KD */ = {isa = PBXFileReference; lastKnownFileType = file; path = KD; sourceTree = "<group>"; };
		32A5CFF01811069500F7FD78 /* KH */ = {isa = PBXFileReference; lastKnownFileType = file; path = KH; sourceTree = "<group>"; };
		32A5CFF11811069500F7FD78 /* KS */ = {isa = PBXFileReference; lastKnownFileType = file; path = KS; sourceTree = "<group>"; };
		32A5CFF21811069500F7FD78 /* QC */ = {isa = PBXFileReference; lastKnownFileType = file; path = QC; sourceTree = "<group>"; };
		32A5CFF31811069500F7FD78 /* QD */ = {isa = PBXFileReference; lastKnownFileType = file; path = QD; sourceTree = "<group>"; };
		32A5CFF41811069500F7FD78 /* QH */ = {isa = PBXFileReference; lastKnownFileType = file; path = QH; sourceTree = "<group>"; };
		32A5CFF51811069500F7FD78 /* QS */ = {isa = PBXFileReference; lastKnownFileType = file; path = QS; sourceTree = "<group>"; };
		32A5CFF71811069500F7FD78 /* PlayingCardView.h */ = {isa = PBXFileReference; fileEncoding = 4; lastKnownFileType = sourcecode.c.h; path = PlayingCardView.h; sourceTree = "<group>"; };
		32A5CFF81811069500F7FD78 /* PlayingCardView.m */ = {isa = PBXFileReference; fileEncoding = 4; lastKnownFileType = sourcecode.c.objc; path = PlayingCardView.m; sourceTree = "<group>"; };
		32A5D0381811071E00F7FD78 /* PlayingCardCollectionViewCell.h */ = {isa = PBXFileReference; fileEncoding = 4; lastKnownFileType = sourcecode.c.h; path = PlayingCardCollectionViewCell.h; sourceTree = "<group>"; };
		32A5D0391811071E00F7FD78 /* PlayingCardCollectionViewCell.m */ = {isa = PBXFileReference; fileEncoding = 4; lastKnownFileType = sourcecode.c.objc; path = PlayingCardCollectionViewCell.m; sourceTree = "<group>"; };
		32A5D03B18110AB900F7FD78 /* PlayingCardGameViewController.h */ = {isa = PBXFileReference; fileEncoding = 4; lastKnownFileType = sourcecode.c.h; path = PlayingCardGameViewController.h; sourceTree = "<group>"; };
		32A5D03C18110AB900F7FD78 /* PlayingCardGameViewController.m */ = {isa = PBXFileReference; fileEncoding = 4; lastKnownFileType = sourcecode.c.objc; path = PlayingCardGameViewController.m; sourceTree = "<group>"; };
		32A5D05E1814E01300F7FD78 /* Images.xcassets */ = {isa = PBXFileReference; lastKnownFileType = folder.assetcatalog; path = Images.xcassets; sourceTree = "<group>"; };
		32A5D0601814E35B00F7FD78 /* Icon-Small@2x.png */ = {isa = PBXFileReference; lastKnownFileType = image.png; path = "Icon-Small@2x.png"; sourceTree = "<group>"; };
		32A5D0611814E35B00F7FD78 /* Icon.png */ = {isa = PBXFileReference; lastKnownFileType = image.png; path = Icon.png; sourceTree = "<group>"; };
		32A5D0621814E35B00F7FD78 /* Icon@2x.png */ = {isa = PBXFileReference; lastKnownFileType = image.png; path = "Icon@2x.png"; sourceTree = "<group>"; };
		32BA7ACA17EA813A0024AD79 /* Card.h */ = {isa = PBXFileReference; fileEncoding = 4; lastKnownFileType = sourcecode.c.h; name = Card.h; path = Model/Card.h; sourceTree = "<group>"; };
		32BA7ACB17EA813A0024AD79 /* Card.m */ = {isa = PBXFileReference; fileEncoding = 4; lastKnownFileType = sourcecode.c.objc; name = Card.m; path = Model/Card.m; sourceTree = "<group>"; };
		32BA7AD317EACAAD0024AD79 /* SenTestingKit.framework */ = {isa = PBXFileReference; lastKnownFileType = wrapper.framework; name = SenTestingKit.framework; path = Library/Frameworks/SenTestingKit.framework; sourceTree = DEVELOPER_DIR; };
		32BA7B0117EADC8E0024AD79 /* MatchismoTests.octest */ = {isa = PBXFileReference; explicitFileType = wrapper.cfbundle; includeInIndex = 0; path = MatchismoTests.octest; sourceTree = BUILT_PRODUCTS_DIR; };
		32BA7B0717EADC8E0024AD79 /* MatchismoTests-Info.plist */ = {isa = PBXFileReference; lastKnownFileType = text.plist.xml; path = "MatchismoTests-Info.plist"; sourceTree = "<group>"; };
		32BA7B0917EADC8E0024AD79 /* en */ = {isa = PBXFileReference; lastKnownFileType = text.plist.strings; name = en; path = en.lproj/InfoPlist.strings; sourceTree = "<group>"; };
		32BA7B0B17EADC8E0024AD79 /* MatchismoTests.h */ = {isa = PBXFileReference; lastKnownFileType = sourcecode.c.h; path = MatchismoTests.h; sourceTree = "<group>"; };
		32BA7B0C17EADC8E0024AD79 /* MatchismoTests.m */ = {isa = PBXFileReference; lastKnownFileType = sourcecode.c.objc; path = MatchismoTests.m; sourceTree = "<group>"; };
		32BA7B0E17EADC8E0024AD79 /* MatchismoTests-Prefix.pch */ = {isa = PBXFileReference; lastKnownFileType = sourcecode.c.h; path = "MatchismoTests-Prefix.pch"; sourceTree = "<group>"; };
		32BC476417FC14FF00C89893 /* GameResultViewController.h */ = {isa = PBXFileReference; fileEncoding = 4; lastKnownFileType = sourcecode.c.h; path = GameResultViewController.h; sourceTree = "<group>"; };
		32BC476517FC14FF00C89893 /* GameResultViewController.m */ = {isa = PBXFileReference; fileEncoding = 4; lastKnownFileType = sourcecode.c.objc; path = GameResultViewController.m; sourceTree = "<group>"; };
		32BC476717FC192700C89893 /* GameResult.h */ = {isa = PBXFileReference; fileEncoding = 4; lastKnownFileType = sourcecode.c.h; path = GameResult.h; sourceTree = "<group>"; };
		32BC476817FC192700C89893 /* GameResult.m */ = {isa = PBXFileReference; fileEncoding = 4; lastKnownFileType = sourcecode.c.objc; path = GameResult.m; sourceTree = "<group>"; };
		32CBBB8617EC03790057DB74 /* CardMatchingGame.h */ = {isa = PBXFileReference; fileEncoding = 4; lastKnownFileType = sourcecode.c.h; name = CardMatchingGame.h; path = Model/CardMatchingGame.h; sourceTree = "<group>"; };
		32CBBB8717EC03790057DB74 /* CardMatchingGame.m */ = {isa = PBXFileReference; fileEncoding = 4; lastKnownFileType = sourcecode.c.objc; name = CardMatchingGame.m; path = Model/CardMatchingGame.m; sourceTree = "<group>"; };
		32FD66FC17E9931900279841 /* Matchismo.app */ = {isa = PBXFileReference; explicitFileType = wrapper.application; includeInIndex = 0; path = Matchismo.app; sourceTree = BUILT_PRODUCTS_DIR; };
		32FD66FF17E9931900279841 /* UIKit.framework */ = {isa = PBXFileReference; lastKnownFileType = wrapper.framework; name = UIKit.framework; path = System/Library/Frameworks/UIKit.framework; sourceTree = SDKROOT; };
		32FD670117E9931900279841 /* Foundation.framework */ = {isa = PBXFileReference; lastKnownFileType = wrapper.framework; name = Foundation.framework; path = System/Library/Frameworks/Foundation.framework; sourceTree = SDKROOT; };
		32FD670317E9931900279841 /* CoreGraphics.framework */ = {isa = PBXFileReference; lastKnownFileType = wrapper.framework; name = CoreGraphics.framework; path = System/Library/Frameworks/CoreGraphics.framework; sourceTree = SDKROOT; };
		32FD670717E9931900279841 /* Matchismo-Info.plist */ = {isa = PBXFileReference; lastKnownFileType = text.plist.xml; path = "Matchismo-Info.plist"; sourceTree = "<group>"; };
		32FD670917E9931900279841 /* en */ = {isa = PBXFileReference; lastKnownFileType = text.plist.strings; name = en; path = en.lproj/InfoPlist.strings; sourceTree = "<group>"; };
		32FD670B17E9931900279841 /* main.m */ = {isa = PBXFileReference; lastKnownFileType = sourcecode.c.objc; path = main.m; sourceTree = "<group>"; };
		32FD670D17E9931900279841 /* Matchismo-Prefix.pch */ = {isa = PBXFileReference; lastKnownFileType = sourcecode.c.h; path = "Matchismo-Prefix.pch"; sourceTree = "<group>"; };
		32FD670E17E9931900279841 /* CardGamesAppDelegate.h */ = {isa = PBXFileReference; lastKnownFileType = sourcecode.c.h; path = CardGamesAppDelegate.h; sourceTree = "<group>"; };
		32FD670F17E9931900279841 /* CardGamesAppDelegate.m */ = {isa = PBXFileReference; lastKnownFileType = sourcecode.c.objc; path = CardGamesAppDelegate.m; sourceTree = "<group>"; };
		32FD671117E9931900279841 /* Default.png */ = {isa = PBXFileReference; lastKnownFileType = image.png; path = Default.png; sourceTree = "<group>"; };
		32FD671317E9931900279841 /* Default@2x.png */ = {isa = PBXFileReference; lastKnownFileType = image.png; path = "Default@2x.png"; sourceTree = "<group>"; };
		32FD671517E9931900279841 /* Default-568h@2x.png */ = {isa = PBXFileReference; lastKnownFileType = image.png; path = "Default-568h@2x.png"; sourceTree = "<group>"; };
		32FD671817E9931900279841 /* en */ = {isa = PBXFileReference; lastKnownFileType = file.storyboard; name = en; path = en.lproj/MainStoryboard.storyboard; sourceTree = "<group>"; };
		32FD671A17E9931900279841 /* CardGamesViewController.h */ = {isa = PBXFileReference; lastKnownFileType = sourcecode.c.h; path = CardGamesViewController.h; sourceTree = "<group>"; };
		32FD671B17E9931900279841 /* CardGamesViewController.m */ = {isa = PBXFileReference; lastKnownFileType = sourcecode.c.objc; path = CardGamesViewController.m; sourceTree = "<group>"; };
		32FD672617EA72F400279841 /* Deck.h */ = {isa = PBXFileReference; fileEncoding = 4; lastKnownFileType = sourcecode.c.h; name = Deck.h; path = Model/Deck.h; sourceTree = "<group>"; };
		32FD672717EA72F400279841 /* Deck.m */ = {isa = PBXFileReference; fileEncoding = 4; lastKnownFileType = sourcecode.c.objc; name = Deck.m; path = Model/Deck.m; sourceTree = "<group>"; };
		32FD672917EA733100279841 /* PlayingCard.h */ = {isa = PBXFileReference; fileEncoding = 4; lastKnownFileType = sourcecode.c.h; name = PlayingCard.h; path = Model/PlayingCard.h; sourceTree = "<group>"; };
		32FD672A17EA733100279841 /* PlayingCard.m */ = {isa = PBXFileReference; fileEncoding = 4; lastKnownFileType = sourcecode.c.objc; name = PlayingCard.m; path = Model/PlayingCard.m; sourceTree = "<group>"; };
		32FD672C17EA734C00279841 /* PlayingCardDeck.h */ = {isa = PBXFileReference; fileEncoding = 4; lastKnownFileType = sourcecode.c.h; name = PlayingCardDeck.h; path = Model/PlayingCardDeck.h; sourceTree = "<group>"; };
		32FD672D17EA734C00279841 /* PlayingCardDeck.m */ = {isa = PBXFileReference; fileEncoding = 4; lastKnownFileType = sourcecode.c.objc; name = PlayingCardDeck.m; path = Model/PlayingCardDeck.m; sourceTree = "<group>"; };
		5BDD641F1A2F26A3009ED7B0 /* dollarIcon.png */ = {isa = PBXFileReference; lastKnownFileType = image.png; path = dollarIcon.png; sourceTree = "<group>"; };
		5BDD64201A2F26A3009ED7B0 /* dollarIcon@2x.png */ = {isa = PBXFileReference; lastKnownFileType = image.png; path = "dollarIcon@2x.png"; sourceTree = "<group>"; };
		5BDD64231A2F26AD009ED7B0 /* gameIcon.png */ = {isa = PBXFileReference; lastKnownFileType = image.png; path = gameIcon.png; sourceTree = "<group>"; };
		5BDD64241A2F26AD009ED7B0 /* gameIcon@2x.png */ = {isa = PBXFileReference; lastKnownFileType = image.png; path = "gameIcon@2x.png"; sourceTree = "<group>"; };
/* End PBXFileReference section */

/* Begin PBXFrameworksBuildPhase section */
		32BA7AFD17EADC8D0024AD79 /* Frameworks */ = {
			isa = PBXFrameworksBuildPhase;
			buildActionMask = 2147483647;
			files = (
				32BA7B0217EADC8E0024AD79 /* SenTestingKit.framework in Frameworks */,
				32BA7B0317EADC8E0024AD79 /* UIKit.framework in Frameworks */,
				32BA7B0417EADC8E0024AD79 /* Foundation.framework in Frameworks */,
			);
			runOnlyForDeploymentPostprocessing = 0;
		};
		32FD66F917E9931900279841 /* Frameworks */ = {
			isa = PBXFrameworksBuildPhase;
			buildActionMask = 2147483647;
			files = (
				32FD670017E9931900279841 /* UIKit.framework in Frameworks */,
				32FD670217E9931900279841 /* Foundation.framework in Frameworks */,
				32FD670417E9931900279841 /* CoreGraphics.framework in Frameworks */,
			);
			runOnlyForDeploymentPostprocessing = 0;
		};
/* End PBXFrameworksBuildPhase section */

/* Begin PBXGroup section */
		320F8FB217F51E5B00EDF6FE /* images */ = {
			isa = PBXGroup;
			children = (
				5BDD64231A2F26AD009ED7B0 /* gameIcon.png */,
				5BDD64241A2F26AD009ED7B0 /* gameIcon@2x.png */,
				5BDD641F1A2F26A3009ED7B0 /* dollarIcon.png */,
				5BDD64201A2F26A3009ED7B0 /* dollarIcon@2x.png */,
				32A5D0601814E35B00F7FD78 /* Icon-Small@2x.png */,
				32A5D0611814E35B00F7FD78 /* Icon.png */,
				32A5D0621814E35B00F7FD78 /* Icon@2x.png */,
				32A5CFB71811069500F7FD78 /* Piatnik Italian Cats */,
				320F8FBD17F52E9D00EDF6FE /* card_face.png */,
				320F8FB317F51E8400EDF6FE /* blue_back.png */,
				320F8FB417F51E8400EDF6FE /* red_back.png */,
			);
			name = images;
			sourceTree = "<group>";
		};
		32A5CFB71811069500F7FD78 /* Piatnik Italian Cats */ = {
			isa = PBXGroup;
			children = (
				32A5CFB81811069500F7FD78 /* 10C */,
				32A5CFB91811069500F7FD78 /* 10D */,
				32A5CFBA1811069500F7FD78 /* 10H */,
				32A5CFBB1811069500F7FD78 /* 10S */,
				32A5CFBC1811069500F7FD78 /* 2C */,
				32A5CFBD1811069500F7FD78 /* 2D */,
				32A5CFBE1811069500F7FD78 /* 2H */,
				32A5CFBF1811069500F7FD78 /* 2S */,
				32A5CFC01811069500F7FD78 /* 3C */,
				32A5CFC11811069500F7FD78 /* 3D */,
				32A5CFC21811069500F7FD78 /* 3H */,
				32A5CFC31811069500F7FD78 /* 3S */,
				32A5CFC41811069500F7FD78 /* 4C */,
				32A5CFC51811069500F7FD78 /* 4D */,
				32A5CFC61811069500F7FD78 /* 4H */,
				32A5CFC71811069500F7FD78 /* 4S */,
				32A5CFC81811069500F7FD78 /* 5C */,
				32A5CFC91811069500F7FD78 /* 5D */,
				32A5CFCA1811069500F7FD78 /* 5H */,
				32A5CFCB1811069500F7FD78 /* 5S */,
				32A5CFCC1811069500F7FD78 /* 6C */,
				32A5CFCD1811069500F7FD78 /* 6D */,
				32A5CFCE1811069500F7FD78 /* 6H */,
				32A5CFCF1811069500F7FD78 /* 6S */,
				32A5CFD01811069500F7FD78 /* 7C */,
				32A5CFD11811069500F7FD78 /* 7D */,
				32A5CFD21811069500F7FD78 /* 7H */,
				32A5CFD31811069500F7FD78 /* 7S */,
				32A5CFD41811069500F7FD78 /* 8C */,
				32A5CFD51811069500F7FD78 /* 8D */,
				32A5CFD61811069500F7FD78 /* 8H */,
				32A5CFD71811069500F7FD78 /* 8S */,
				32A5CFD81811069500F7FD78 /* 9C */,
				32A5CFD91811069500F7FD78 /* 9D */,
				32A5CFDA1811069500F7FD78 /* 9H */,
				32A5CFDB1811069500F7FD78 /* 9S */,
				32A5CFDC1811069500F7FD78 /* _about */,
				32A5CFDD1811069500F7FD78 /* _about2 */,
				32A5CFDE1811069500F7FD78 /* _cardback */,
				32A5CFDF1811069500F7FD78 /* _cardback2 */,
				32A5CFE01811069500F7FD78 /* _Corners */,
				32A5CFE11811069500F7FD78 /* _joker */,
				32A5CFE21811069500F7FD78 /* _joker2 */,
				32A5CFE31811069500F7FD78 /* _Numbers */,
				32A5CFE41811069500F7FD78 /* _Size */,
				32A5CFE51811069500F7FD78 /* _Suits */,
				32A5CFE61811069500F7FD78 /* AC */,
				32A5CFE71811069500F7FD78 /* AD */,
				32A5CFE81811069500F7FD78 /* AH */,
				32A5CFE91811069500F7FD78 /* AS */,
				32A5CFEA1811069500F7FD78 /* JC */,
				32A5CFEB1811069500F7FD78 /* JD */,
				32A5CFEC1811069500F7FD78 /* JH */,
				32A5CFED1811069500F7FD78 /* JS */,
				32A5CFEE1811069500F7FD78 /* KC */,
				32A5CFEF1811069500F7FD78 /* KD */,
				32A5CFF01811069500F7FD78 /* KH */,
				32A5CFF11811069500F7FD78 /* KS */,
				32A5CFF21811069500F7FD78 /* QC */,
				32A5CFF31811069500F7FD78 /* QD */,
				32A5CFF41811069500F7FD78 /* QH */,
				32A5CFF51811069500F7FD78 /* QS */,
			);
			path = "Piatnik Italian Cats";
			sourceTree = "<group>";
		};
		32A5CFF61811069500F7FD78 /* views */ = {
			isa = PBXGroup;
			children = (
				32A5D0381811071E00F7FD78 /* PlayingCardCollectionViewCell.h */,
				32A5D0391811071E00F7FD78 /* PlayingCardCollectionViewCell.m */,
				32A5CFF71811069500F7FD78 /* PlayingCardView.h */,
				32A5CFF81811069500F7FD78 /* PlayingCardView.m */,
			);
			path = views;
			sourceTree = "<group>";
		};
		32BA7B0517EADC8E0024AD79 /* MatchismoTests */ = {
			isa = PBXGroup;
			children = (
				32BA7B0B17EADC8E0024AD79 /* MatchismoTests.h */,
				32BA7B0C17EADC8E0024AD79 /* MatchismoTests.m */,
				32BA7B0617EADC8E0024AD79 /* Supporting Files */,
			);
			path = MatchismoTests;
			sourceTree = "<group>";
		};
		32BA7B0617EADC8E0024AD79 /* Supporting Files */ = {
			isa = PBXGroup;
			children = (
				32BA7B0717EADC8E0024AD79 /* MatchismoTests-Info.plist */,
				32BA7B0817EADC8E0024AD79 /* InfoPlist.strings */,
				32BA7B0E17EADC8E0024AD79 /* MatchismoTests-Prefix.pch */,
			);
			name = "Supporting Files";
			sourceTree = "<group>";
		};
		32FD66F317E9931900279841 = {
			isa = PBXGroup;
			children = (
				32FD670517E9931900279841 /* Matchismo */,
				32BA7B0517EADC8E0024AD79 /* MatchismoTests */,
				32FD66FE17E9931900279841 /* Frameworks */,
				32FD66FD17E9931900279841 /* Products */,
			);
			sourceTree = "<group>";
		};
		32FD66FD17E9931900279841 /* Products */ = {
			isa = PBXGroup;
			children = (
				32FD66FC17E9931900279841 /* Matchismo.app */,
				32BA7B0117EADC8E0024AD79 /* MatchismoTests.octest */,
			);
			name = Products;
			sourceTree = "<group>";
		};
		32FD66FE17E9931900279841 /* Frameworks */ = {
			isa = PBXGroup;
			children = (
				32FD66FF17E9931900279841 /* UIKit.framework */,
				32FD670117E9931900279841 /* Foundation.framework */,
				32FD670317E9931900279841 /* CoreGraphics.framework */,
				32BA7AD317EACAAD0024AD79 /* SenTestingKit.framework */,
			);
			name = Frameworks;
			sourceTree = "<group>";
		};
		32FD670517E9931900279841 /* Matchismo */ = {
			isa = PBXGroup;
			children = (
				32A5CFF61811069500F7FD78 /* views */,
				32BC476417FC14FF00C89893 /* GameResultViewController.h */,
				32BC476517FC14FF00C89893 /* GameResultViewController.m */,
				320F8FB217F51E5B00EDF6FE /* images */,
				32FD671717E9931900279841 /* MainStoryboard.storyboard */,
				32A5D03B18110AB900F7FD78 /* PlayingCardGameViewController.h */,
				32A5D03C18110AB900F7FD78 /* PlayingCardGameViewController.m */,
				32FD672517EA728600279841 /* Model */,
				32FD671A17E9931900279841 /* CardGamesViewController.h */,
				32FD671B17E9931900279841 /* CardGamesViewController.m */,
				32A5D05E1814E01300F7FD78 /* Images.xcassets */,
				32FD670617E9931900279841 /* Supporting Files */,
			);
			path = Matchismo;
			sourceTree = "<group>";
		};
		32FD670617E9931900279841 /* Supporting Files */ = {
			isa = PBXGroup;
			children = (
				32FD670E17E9931900279841 /* CardGamesAppDelegate.h */,
				32FD670F17E9931900279841 /* CardGamesAppDelegate.m */,
				32FD670717E9931900279841 /* Matchismo-Info.plist */,
				32FD670817E9931900279841 /* InfoPlist.strings */,
				32FD670B17E9931900279841 /* main.m */,
				32FD670D17E9931900279841 /* Matchismo-Prefix.pch */,
				32FD671117E9931900279841 /* Default.png */,
				32FD671317E9931900279841 /* Default@2x.png */,
				32FD671517E9931900279841 /* Default-568h@2x.png */,
			);
			name = "Supporting Files";
			sourceTree = "<group>";
		};
		32FD672517EA728600279841 /* Model */ = {
			isa = PBXGroup;
			children = (
				32BC476717FC192700C89893 /* GameResult.h */,
				32BC476817FC192700C89893 /* GameResult.m */,
				32CBBB8617EC03790057DB74 /* CardMatchingGame.h */,
				32CBBB8717EC03790057DB74 /* CardMatchingGame.m */,
				32BA7ACA17EA813A0024AD79 /* Card.h */,
				32BA7ACB17EA813A0024AD79 /* Card.m */,
				32FD672617EA72F400279841 /* Deck.h */,
				32FD672717EA72F400279841 /* Deck.m */,
				32FD672917EA733100279841 /* PlayingCard.h */,
				32FD672A17EA733100279841 /* PlayingCard.m */,
				32FD672C17EA734C00279841 /* PlayingCardDeck.h */,
				32FD672D17EA734C00279841 /* PlayingCardDeck.m */,
			);
			name = Model;
			sourceTree = "<group>";
		};
/* End PBXGroup section */

/* Begin PBXNativeTarget section */
		32BA7B0017EADC8D0024AD79 /* MatchismoTests */ = {
			isa = PBXNativeTarget;
			buildConfigurationList = 32BA7B0F17EADC8E0024AD79 /* Build configuration list for PBXNativeTarget "MatchismoTests" */;
			buildPhases = (
				32BA7AFC17EADC8D0024AD79 /* Sources */,
				32BA7AFD17EADC8D0024AD79 /* Frameworks */,
				32BA7AFE17EADC8D0024AD79 /* Resources */,
				32BA7AFF17EADC8D0024AD79 /* ShellScript */,
			);
			buildRules = (
			);
			dependencies = (
				32CBBB8517EBE6FA0057DB74 /* PBXTargetDependency */,
			);
			name = MatchismoTests;
			productName = MatchismoTests;
			productReference = 32BA7B0117EADC8E0024AD79 /* MatchismoTests.octest */;
			productType = "com.apple.product-type.bundle";
		};
		32FD66FB17E9931900279841 /* Matchismo */ = {
			isa = PBXNativeTarget;
			buildConfigurationList = 32FD671F17E9931900279841 /* Build configuration list for PBXNativeTarget "Matchismo" */;
			buildPhases = (
				32FD66F817E9931900279841 /* Sources */,
				32FD66F917E9931900279841 /* Frameworks */,
				32FD66FA17E9931900279841 /* Resources */,
			);
			buildRules = (
			);
			dependencies = (
			);
			name = Matchismo;
			productName = Matchismo;
			productReference = 32FD66FC17E9931900279841 /* Matchismo.app */;
			productType = "com.apple.product-type.application";
		};
/* End PBXNativeTarget section */

/* Begin PBXProject section */
		32FD66F417E9931900279841 /* Project object */ = {
			isa = PBXProject;
			attributes = {
				CLASSPREFIX = CardGames;
				LastUpgradeCheck = 0460;
				ORGANIZATIONNAME = "Ken Zhou";
			};
			buildConfigurationList = 32FD66F717E9931900279841 /* Build configuration list for PBXProject "Matchismo" */;
			compatibilityVersion = "Xcode 3.2";
			developmentRegion = English;
			hasScannedForEncodings = 0;
			knownRegions = (
				en,
			);
			mainGroup = 32FD66F317E9931900279841;
			productRefGroup = 32FD66FD17E9931900279841 /* Products */;
			projectDirPath = "";
			projectRoot = "";
			targets = (
				32FD66FB17E9931900279841 /* Matchismo */,
				32BA7B0017EADC8D0024AD79 /* MatchismoTests */,
			);
		};
/* End PBXProject section */

/* Begin PBXResourcesBuildPhase section */
		32BA7AFE17EADC8D0024AD79 /* Resources */ = {
			isa = PBXResourcesBuildPhase;
			buildActionMask = 2147483647;
			files = (
				32BA7B0A17EADC8E0024AD79 /* InfoPlist.strings in Resources */,
			);
			runOnlyForDeploymentPostprocessing = 0;
		};
		32FD66FA17E9931900279841 /* Resources */ = {
			isa = PBXResourcesBuildPhase;
			buildActionMask = 2147483647;
			files = (
				32A5D0641814E35B00F7FD78 /* Icon.png in Resources */,
				32A5D02A1811069500F7FD78 /* AS in Resources */,
				32A5D0351811069500F7FD78 /* QH in Resources */,
				32A5D0171811069500F7FD78 /* 8H in Resources */,
				32A5D0151811069500F7FD78 /* 8C in Resources */,
				32A5D02F1811069500F7FD78 /* KC in Resources */,
				32A5D0061811069500F7FD78 /* 4D in Resources */,
				32A5D0281811069500F7FD78 /* AD in Resources */,
				32A5D0041811069500F7FD78 /* 3S in Resources */,
				32A5D00C1811069500F7FD78 /* 5S in Resources */,
				32A5D02B1811069500F7FD78 /* JC in Resources */,
				32A5CFFF1811069500F7FD78 /* 2H in Resources */,
				32A5D0191811069500F7FD78 /* 9C in Resources */,
				32A5D00F1811069500F7FD78 /* 6H in Resources */,
				32A5D0011811069500F7FD78 /* 3C in Resources */,
				32A5D01E1811069500F7FD78 /* _about2 in Resources */,
				32A5CFFD1811069500F7FD78 /* 2C in Resources */,
				32A5D0291811069500F7FD78 /* AH in Resources */,
				32A5D01D1811069500F7FD78 /* _about in Resources */,
				5BDD64251A2F26AD009ED7B0 /* gameIcon.png in Resources */,
				32A5D01C1811069500F7FD78 /* 9S in Resources */,
				32A5D0091811069500F7FD78 /* 5C in Resources */,
				32A5CFF91811069500F7FD78 /* 10C in Resources */,
				32A5D0631814E35B00F7FD78 /* Icon-Small@2x.png in Resources */,
				32A5D0251811069500F7FD78 /* _Size in Resources */,
				32A5D0301811069500F7FD78 /* KD in Resources */,
				32A5D0001811069500F7FD78 /* 2S in Resources */,
				32A5D05F1814E01300F7FD78 /* Images.xcassets in Resources */,
				320F8FBE17F52E9D00EDF6FE /* card_face.png in Resources */,
				32A5D00B1811069500F7FD78 /* 5H in Resources */,
				5BDD64221A2F26A3009ED7B0 /* dollarIcon@2x.png in Resources */,
				5BDD64261A2F26AD009ED7B0 /* gameIcon@2x.png in Resources */,
				320F8FB617F51E8400EDF6FE /* red_back.png in Resources */,
				32A5CFFC1811069500F7FD78 /* 10S in Resources */,
				32A5D0221811069500F7FD78 /* _joker in Resources */,
				32FD670A17E9931900279841 /* InfoPlist.strings in Resources */,
				32A5D0651814E35B00F7FD78 /* Icon@2x.png in Resources */,
				32A5D0361811069500F7FD78 /* QS in Resources */,
				32A5CFFE1811069500F7FD78 /* 2D in Resources */,
				32A5D02D1811069500F7FD78 /* JH in Resources */,
				32A5D02E1811069500F7FD78 /* JS in Resources */,
				32FD671217E9931900279841 /* Default.png in Resources */,
				32A5D0261811069500F7FD78 /* _Suits in Resources */,
				32A5D0021811069500F7FD78 /* 3D in Resources */,
				320F8FB517F51E8400EDF6FE /* blue_back.png in Resources */,
				32A5CFFB1811069500F7FD78 /* 10H in Resources */,
				32A5CFFA1811069500F7FD78 /* 10D in Resources */,
				32A5D0331811069500F7FD78 /* QC in Resources */,
				32A5D00E1811069500F7FD78 /* 6D in Resources */,
				32A5D0111811069500F7FD78 /* 7C in Resources */,
				32A5D0311811069500F7FD78 /* KH in Resources */,
				32A5D0181811069500F7FD78 /* 8S in Resources */,
				32A5D0051811069500F7FD78 /* 4C in Resources */,
				32A5D0141811069500F7FD78 /* 7S in Resources */,
				32A5D0271811069500F7FD78 /* AC in Resources */,
				32A5D02C1811069500F7FD78 /* JD in Resources */,
				32A5D0101811069500F7FD78 /* 6S in Resources */,
				32A5D0131811069500F7FD78 /* 7H in Resources */,
				32A5D0241811069500F7FD78 /* _Numbers in Resources */,
				32A5D0031811069500F7FD78 /* 3H in Resources */,
				32A5D0341811069500F7FD78 /* QD in Resources */,
				32A5D0071811069500F7FD78 /* 4H in Resources */,
				32FD671417E9931900279841 /* Default@2x.png in Resources */,
				32A5D00D1811069500F7FD78 /* 6C in Resources */,
				5BDD64211A2F26A3009ED7B0 /* dollarIcon.png in Resources */,
				32A5D0231811069500F7FD78 /* _joker2 in Resources */,
				32A5D0201811069500F7FD78 /* _cardback2 in Resources */,
				32A5D0121811069500F7FD78 /* 7D in Resources */,
				32A5D0081811069500F7FD78 /* 4S in Resources */,
				32FD671617E9931900279841 /* Default-568h@2x.png in Resources */,
				32FD671917E9931900279841 /* MainStoryboard.storyboard in Resources */,
				32A5D0161811069500F7FD78 /* 8D in Resources */,
				32A5D00A1811069500F7FD78 /* 5D in Resources */,
				32A5D01A1811069500F7FD78 /* 9D in Resources */,
				32A5D0321811069500F7FD78 /* KS in Resources */,
				32A5D01F1811069500F7FD78 /* _cardback in Resources */,
				32A5D0211811069500F7FD78 /* _Corners in Resources */,
				32A5D01B1811069500F7FD78 /* 9H in Resources */,
			);
			runOnlyForDeploymentPostprocessing = 0;
		};
/* End PBXResourcesBuildPhase section */

/* Begin PBXShellScriptBuildPhase section */
		32BA7AFF17EADC8D0024AD79 /* ShellScript */ = {
			isa = PBXShellScriptBuildPhase;
			buildActionMask = 2147483647;
			files = (
			);
			inputPaths = (
			);
			outputPaths = (
			);
			runOnlyForDeploymentPostprocessing = 0;
			shellPath = /bin/sh;
			shellScript = "# Run the unit tests in this test bundle.\n\"${SYSTEM_DEVELOPER_DIR}/Tools/RunUnitTests\"\n";
		};
/* End PBXShellScriptBuildPhase section */

/* Begin PBXSourcesBuildPhase section */
		32BA7AFC17EADC8D0024AD79 /* Sources */ = {
			isa = PBXSourcesBuildPhase;
			buildActionMask = 2147483647;
			files = (
				32BA7B0D17EADC8E0024AD79 /* MatchismoTests.m in Sources */,
			);
			runOnlyForDeploymentPostprocessing = 0;
		};
		32FD66F817E9931900279841 /* Sources */ = {
			isa = PBXSourcesBuildPhase;
			buildActionMask = 2147483647;
			files = (
				32FD670C17E9931900279841 /* main.m in Sources */,
				32BC476617FC14FF00C89893 /* GameResultViewController.m in Sources */,
				32FD671017E9931900279841 /* CardGamesAppDelegate.m in Sources */,
				32A5D03D18110AB900F7FD78 /* PlayingCardGameViewController.m in Sources */,
				32A5D03A1811071E00F7FD78 /* PlayingCardCollectionViewCell.m in Sources */,
				32FD671C17E9931900279841 /* CardGamesViewController.m in Sources */,
				32FD672817EA72F400279841 /* Deck.m in Sources */,
				32FD672B17EA733100279841 /* PlayingCard.m in Sources */,
				32FD672E17EA734C00279841 /* PlayingCardDeck.m in Sources */,
				32A5D0371811069500F7FD78 /* PlayingCardView.m in Sources */,
				32BA7ACC17EA813A0024AD79 /* Card.m in Sources */,
				32BC476917FC192700C89893 /* GameResult.m in Sources */,
				32CBBB8817EC03790057DB74 /* CardMatchingGame.m in Sources */,
			);
			runOnlyForDeploymentPostprocessing = 0;
		};
/* End PBXSourcesBuildPhase section */

/* Begin PBXTargetDependency section */
		32CBBB8517EBE6FA0057DB74 /* PBXTargetDependency */ = {
			isa = PBXTargetDependency;
			target = 32FD66FB17E9931900279841 /* Matchismo */;
			targetProxy = 32CBBB8417EBE6FA0057DB74 /* PBXContainerItemProxy */;
		};
/* End PBXTargetDependency section */

/* Begin PBXVariantGroup section */
		32BA7B0817EADC8E0024AD79 /* InfoPlist.strings */ = {
			isa = PBXVariantGroup;
			children = (
				32BA7B0917EADC8E0024AD79 /* en */,
			);
			name = InfoPlist.strings;
			sourceTree = "<group>";
		};
		32FD670817E9931900279841 /* InfoPlist.strings */ = {
			isa = PBXVariantGroup;
			children = (
				32FD670917E9931900279841 /* en */,
			);
			name = InfoPlist.strings;
			sourceTree = "<group>";
		};
		32FD671717E9931900279841 /* MainStoryboard.storyboard */ = {
			isa = PBXVariantGroup;
			children = (
				32FD671817E9931900279841 /* en */,
			);
			name = MainStoryboard.storyboard;
			sourceTree = "<group>";
		};
/* End PBXVariantGroup section */

/* Begin XCBuildConfiguration section */
		32BA7B1017EADC8E0024AD79 /* Debug */ = {
			isa = XCBuildConfiguration;
			buildSettings = {
				BUNDLE_LOADER = "$(BUILT_PRODUCTS_DIR)/Matchismo.app/Matchismo";
				FRAMEWORK_SEARCH_PATHS = (
					"\"$(SDKROOT)/Developer/Library/Frameworks\"",
					"\"$(DEVELOPER_LIBRARY_DIR)/Frameworks\"",
				);
				GCC_PRECOMPILE_PREFIX_HEADER = YES;
				GCC_PREFIX_HEADER = "MatchismoTests/MatchismoTests-Prefix.pch";
				INFOPLIST_FILE = "MatchismoTests/MatchismoTests-Info.plist";
				PRODUCT_NAME = "$(TARGET_NAME)";
				TEST_HOST = "$(BUNDLE_LOADER)";
				WRAPPER_EXTENSION = octest;
			};
			name = Debug;
		};
		32BA7B1117EADC8E0024AD79 /* Release */ = {
			isa = XCBuildConfiguration;
			buildSettings = {
				BUNDLE_LOADER = "$(BUILT_PRODUCTS_DIR)/Machismo.app/Matchismo";
				FRAMEWORK_SEARCH_PATHS = (
					"\"$(SDKROOT)/Developer/Library/Frameworks\"",
					"\"$(DEVELOPER_LIBRARY_DIR)/Frameworks\"",
				);
				GCC_PRECOMPILE_PREFIX_HEADER = YES;
				GCC_PREFIX_HEADER = "MatchismoTests/MatchismoTests-Prefix.pch";
				INFOPLIST_FILE = "MatchismoTests/MatchismoTests-Info.plist";
				PRODUCT_NAME = "$(TARGET_NAME)";
				TEST_HOST = "$(BUNDLE_LOADER)";
				WRAPPER_EXTENSION = octest;
			};
			name = Release;
		};
		32FD671D17E9931900279841 /* Debug */ = {
			isa = XCBuildConfiguration;
			buildSettings = {
				ALWAYS_SEARCH_USER_PATHS = NO;
				CLANG_CXX_LANGUAGE_STANDARD = "gnu++0x";
				CLANG_CXX_LIBRARY = "libc++";
				CLANG_ENABLE_OBJC_ARC = YES;
				CLANG_WARN_CONSTANT_CONVERSION = YES;
				CLANG_WARN_EMPTY_BODY = YES;
				CLANG_WARN_ENUM_CONVERSION = YES;
				CLANG_WARN_INT_CONVERSION = YES;
				CLANG_WARN__DUPLICATE_METHOD_MATCH = YES;
				"CODE_SIGN_IDENTITY[sdk=iphoneos*]" = "iPhone Developer";
				COPY_PHASE_STRIP = NO;
				GCC_C_LANGUAGE_STANDARD = gnu99;
				GCC_DYNAMIC_NO_PIC = NO;
				GCC_OPTIMIZATION_LEVEL = 0;
				GCC_PREPROCESSOR_DEFINITIONS = (
					"DEBUG=1",
					"$(inherited)",
				);
				GCC_SYMBOLS_PRIVATE_EXTERN = NO;
				GCC_WARN_ABOUT_RETURN_TYPE = YES;
				GCC_WARN_UNINITIALIZED_AUTOS = YES;
				GCC_WARN_UNUSED_VARIABLE = YES;
				IPHONEOS_DEPLOYMENT_TARGET = 6.1;
				ONLY_ACTIVE_ARCH = YES;
				SDKROOT = iphoneos;
			};
			name = Debug;
		};
		32FD671E17E9931900279841 /* Release */ = {
			isa = XCBuildConfiguration;
			buildSettings = {
				ALWAYS_SEARCH_USER_PATHS = NO;
				CLANG_CXX_LANGUAGE_STANDARD = "gnu++0x";
				CLANG_CXX_LIBRARY = "libc++";
				CLANG_ENABLE_OBJC_ARC = YES;
				CLANG_WARN_CONSTANT_CONVERSION = YES;
				CLANG_WARN_EMPTY_BODY = YES;
				CLANG_WARN_ENUM_CONVERSION = YES;
				CLANG_WARN_INT_CONVERSION = YES;
				CLANG_WARN__DUPLICATE_METHOD_MATCH = YES;
				"CODE_SIGN_IDENTITY[sdk=iphoneos*]" = "iPhone Developer";
				COPY_PHASE_STRIP = YES;
				GCC_C_LANGUAGE_STANDARD = gnu99;
				GCC_WARN_ABOUT_RETURN_TYPE = YES;
				GCC_WARN_UNINITIALIZED_AUTOS = YES;
				GCC_WARN_UNUSED_VARIABLE = YES;
				IPHONEOS_DEPLOYMENT_TARGET = 6.1;
				OTHER_CFLAGS = "-DNS_BLOCK_ASSERTIONS=1";
				SDKROOT = iphoneos;
				VALIDATE_PRODUCT = YES;
			};
			name = Release;
		};
		32FD672017E9931900279841 /* Debug */ = {
			isa = XCBuildConfiguration;
			buildSettings = {
				ASSETCATALOG_COMPILER_LAUNCHIMAGE_NAME = LaunchImage;
				GCC_PRECOMPILE_PREFIX_HEADER = YES;
				GCC_PREFIX_HEADER = "Matchismo/Matchismo-Prefix.pch";
				INFOPLIST_FILE = "Matchismo/Matchismo-Info.plist";
				IPHONEOS_DEPLOYMENT_TARGET = 7.0;
				PRODUCT_NAME = "$(TARGET_NAME)";
				WRAPPER_EXTENSION = app;
			};
			name = Debug;
		};
		32FD672117E9931900279841 /* Release */ = {
			isa = XCBuildConfiguration;
			buildSettings = {
				ASSETCATALOG_COMPILER_LAUNCHIMAGE_NAME = LaunchImage;
				GCC_PRECOMPILE_PREFIX_HEADER = YES;
				GCC_PREFIX_HEADER = "Matchismo/Matchismo-Prefix.pch";
				INFOPLIST_FILE = "Matchismo/Matchismo-Info.plist";
				IPHONEOS_DEPLOYMENT_TARGET = 7.0;
				PRODUCT_NAME = "$(TARGET_NAME)";
				WRAPPER_EXTENSION = app;
			};
			name = Release;
		};
/* End XCBuildConfiguration section */

/* Begin XCConfigurationList section */
		32BA7B0F17EADC8E0024AD79 /* Build configuration list for PBXNativeTarget "MatchismoTests" */ = {
			isa = XCConfigurationList;
			buildConfigurations = (
				32BA7B1017EADC8E0024AD79 /* Debug */,
				32BA7B1117EADC8E0024AD79 /* Release */,
			);
			defaultConfigurationIsVisible = 0;
			defaultConfigurationName = Release;
		};
		32FD66F717E9931900279841 /* Build configuration list for PBXProject "Matchismo" */ = {
			isa = XCConfigurationList;
			buildConfigurations = (
				32FD671D17E9931900279841 /* Debug */,
				32FD671E17E9931900279841 /* Release */,
			);
			defaultConfigurationIsVisible = 0;
			defaultConfigurationName = Release;
		};
		32FD671F17E9931900279841 /* Build configuration list for PBXNativeTarget "Matchismo" */ = {
			isa = XCConfigurationList;
			buildConfigurations = (
				32FD672017E9931900279841 /* Debug */,
				32FD672117E9931900279841 /* Release */,
			);
			defaultConfigurationIsVisible = 0;
			defaultConfigurationName = Release;
		};
/* End XCConfigurationList section */
	};
	rootObject = 32FD66F417E9931900279841 /* Project object */;
}
